// !$*UTF8*$!
{
	archiveVersion = 1;
	classes = {
	};
	objectVersion = 50;
	objects = {

/* Begin PBXBuildFile section */
		FDC623C624829C4600B7B26A /* AppDelegate.swift in Sources */ = {isa = PBXBuildFile; fileRef = FDC623C524829C4600B7B26A /* AppDelegate.swift */; };
		FDC623C824829C4600B7B26A /* SceneDelegate.swift in Sources */ = {isa = PBXBuildFile; fileRef = FDC623C724829C4600B7B26A /* SceneDelegate.swift */; };
		FDC623CA24829C4600B7B26A /* ContentView.swift in Sources */ = {isa = PBXBuildFile; fileRef = FDC623C924829C4600B7B26A /* ContentView.swift */; };
		FDC623CF24829C4800B7B26A /* Preview Assets.xcassets in Resources */ = {isa = PBXBuildFile; fileRef = FDC623CE24829C4800B7B26A /* Preview Assets.xcassets */; };
		FDC623D224829C4800B7B26A /* LaunchScreen.storyboard in Resources */ = {isa = PBXBuildFile; fileRef = FDC623D024829C4800B7B26A /* LaunchScreen.storyboard */; };
		FDC623DA24829C7800B7B26A /* Assets.xcassets in Resources */ = {isa = PBXBuildFile; fileRef = FDC623D924829C7800B7B26A /* Assets.xcassets */; };
/* End PBXBuildFile section */

/* Begin PBXFileReference section */
		FDC623C224829C4600B7B26A /* HeroAnimation2.app */ = {isa = PBXFileReference; explicitFileType = wrapper.application; includeInIndex = 0; path = HeroAnimation2.app; sourceTree = BUILT_PRODUCTS_DIR; };
		FDC623C524829C4600B7B26A /* AppDelegate.swift */ = {isa = PBXFileReference; lastKnownFileType = sourcecode.swift; path = AppDelegate.swift; sourceTree = "<group>"; };
		FDC623C724829C4600B7B26A /* SceneDelegate.swift */ = {isa = PBXFileReference; lastKnownFileType = sourcecode.swift; path = SceneDelegate.swift; sourceTree = "<group>"; };
		FDC623C924829C4600B7B26A /* ContentView.swift */ = {isa = PBXFileReference; lastKnownFileType = sourcecode.swift; path = ContentView.swift; sourceTree = "<group>"; };
		FDC623CE24829C4800B7B26A /* Preview Assets.xcassets */ = {isa = PBXFileReference; lastKnownFileType = folder.assetcatalog; path = "Preview Assets.xcassets"; sourceTree = "<group>"; };
		FDC623D124829C4800B7B26A /* Base */ = {isa = PBXFileReference; lastKnownFileType = file.storyboard; name = Base; path = Base.lproj/LaunchScreen.storyboard; sourceTree = "<group>"; };
		FDC623D324829C4800B7B26A /* Info.plist */ = {isa = PBXFileReference; lastKnownFileType = text.plist.xml; path = Info.plist; sourceTree = "<group>"; };
		FDC623D924829C7800B7B26A /* Assets.xcassets */ = {isa = PBXFileReference; lastKnownFileType = folder.assetcatalog; path = Assets.xcassets; sourceTree = "<group>"; };
/* End PBXFileReference section */

/* Begin PBXFrameworksBuildPhase section */
		FDC623BF24829C4600B7B26A /* Frameworks */ = {
			isa = PBXFrameworksBuildPhase;
			buildActionMask = 2147483647;
			files = (
			);
			runOnlyForDeploymentPostprocessing = 0;
		};
/* End PBXFrameworksBuildPhase section */

/* Begin PBXGroup section */
		FDC623B924829C4600B7B26A = {
			isa = PBXGroup;
			children = (
				FDC623C424829C4600B7B26A /* HeroAnimation2 */,
				FDC623C324829C4600B7B26A /* Products */,
			);
			sourceTree = "<group>";
		};
		FDC623C324829C4600B7B26A /* Products */ = {
			isa = PBXGroup;
			children = (
				FDC623C224829C4600B7B26A /* HeroAnimation2.app */,
			);
			name = Products;
			sourceTree = "<group>";
		};
		FDC623C424829C4600B7B26A /* HeroAnimation2 */ = {
			isa = PBXGroup;
			children = (
				FDC623C524829C4600B7B26A /* AppDelegate.swift */,
				FDC623C724829C4600B7B26A /* SceneDelegate.swift */,
				FDC623C924829C4600B7B26A /* ContentView.swift */,
				FDC623D924829C7800B7B26A /* Assets.xcassets */,
				FDC623D024829C4800B7B26A /* LaunchScreen.storyboard */,
				FDC623D324829C4800B7B26A /* Info.plist */,
				FDC623CD24829C4800B7B26A /* Preview Content */,
			);
			path = HeroAnimation2;
			sourceTree = "<group>";
		};
		FDC623CD24829C4800B7B26A /* Preview Content */ = {
			isa = PBXGroup;
			children = (
				FDC623CE24829C4800B7B26A /* Preview Assets.xcassets */,
			);
			path = "Preview Content";
			sourceTree = "<group>";
		};
/* End PBXGroup section */

/* Begin PBXNativeTarget section */
		FDC623C124829C4600B7B26A /* HeroAnimation2 */ = {
			isa = PBXNativeTarget;
			buildConfigurationList = FDC623D624829C4800B7B26A /* Build configuration list for PBXNativeTarget "HeroAnimation2" */;
			buildPhases = (
				FDC623BE24829C4600B7B26A /* Sources */,
				FDC623BF24829C4600B7B26A /* Frameworks */,
				FDC623C024829C4600B7B26A /* Resources */,
			);
			buildRules = (
			);
			dependencies = (
			);
			name = HeroAnimation2;
			productName = HeroAnimation2;
			productReference = FDC623C224829C4600B7B26A /* HeroAnimation2.app */;
			productType = "com.apple.product-type.application";
		};
/* End PBXNativeTarget section */

/* Begin PBXProject section */
		FDC623BA24829C4600B7B26A /* Project object */ = {
			isa = PBXProject;
			attributes = {
				LastSwiftUpdateCheck = 1150;
				LastUpgradeCheck = 1150;
				ORGANIZATIONNAME = "Al Amin";
				TargetAttributes = {
					FDC623C124829C4600B7B26A = {
						CreatedOnToolsVersion = 11.5;
					};
				};
			};
			buildConfigurationList = FDC623BD24829C4600B7B26A /* Build configuration list for PBXProject "HeroAnimation2" */;
			compatibilityVersion = "Xcode 9.3";
			developmentRegion = en;
			hasScannedForEncodings = 0;
			knownRegions = (
				en,
				Base,
			);
			mainGroup = FDC623B924829C4600B7B26A;
			productRefGroup = FDC623C324829C4600B7B26A /* Products */;
			projectDirPath = "";
			projectRoot = "";
			targets = (
				FDC623C124829C4600B7B26A /* HeroAnimation2 */,
			);
		};
/* End PBXProject section */

/* Begin PBXResourcesBuildPhase section */
		FDC623C024829C4600B7B26A /* Resources */ = {
			isa = PBXResourcesBuildPhase;
			buildActionMask = 2147483647;
			files = (
				FDC623D224829C4800B7B26A /* LaunchScreen.storyboard in Resources */,
				FDC623DA24829C7800B7B26A /* Assets.xcassets in Resources */,
				FDC623CF24829C4800B7B26A /* Preview Assets.xcassets in Resources */,
			);
			runOnlyForDeploymentPostprocessing = 0;
		};
/* End PBXResourcesBuildPhase section */

/* Begin PBXSourcesBuildPhase section */
		FDC623BE24829C4600B7B26A /* Sources */ = {
			isa = PBXSourcesBuildPhase;
			buildActionMask = 2147483647;
			files = (
				FDC623C624829C4600B7B26A /* AppDelegate.swift in Sources */,
				FDC623C824829C4600B7B26A /* SceneDelegate.swift in Sources */,
				FDC623CA24829C4600B7B26A /* ContentView.swift in Sources */,
			);
			runOnlyForDeploymentPostprocessing = 0;
		};
/* End PBXSourcesBuildPhase section */

/* Begin PBXVariantGroup section */
		FDC623D024829C4800B7B26A /* LaunchScreen.storyboard */ = {
			isa = PBXVariantGroup;
			children = (
				FDC623D124829C4800B7B26A /* Base */,
			);
			name = LaunchScreen.storyboard;
			sourceTree = "<group>";
		};
/* End PBXVariantGroup section */

/* Begin XCBuildConfiguration section */
		FDC623D424829C4800B7B26A /* Debug */ = {
			isa = XCBuildConfiguration;
			buildSettings = {
				ALWAYS_SEARCH_USER_PATHS = NO;
				CLANG_ANALYZER_NONNULL = YES;
				CLANG_ANALYZER_NUMBER_OBJECT_CONVERSION = YES_AGGRESSIVE;
				CLANG_CXX_LANGUAGE_STANDARD = "gnu++14";
				CLANG_CXX_LIBRARY = "libc++";
				CLANG_ENABLE_MODULES = YES;
				CLANG_ENABLE_OBJC_ARC = YES;
				CLANG_ENABLE_OBJC_WEAK = YES;
				CLANG_WARN_BLOCK_CAPTURE_AUTORELEASING = YES;
				CLANG_WARN_BOOL_CONVERSION = YES;
				CLANG_WARN_COMMA = YES;
				CLANG_WARN_CONSTANT_CONVERSION = YES;
				CLANG_WARN_DEPRECATED_OBJC_IMPLEMENTATIONS = YES;
				CLANG_WARN_DIRECT_OBJC_ISA_USAGE = YES_ERROR;
				CLANG_WARN_DOCUMENTATION_COMMENTS = YES;
				CLANG_WARN_EMPTY_BODY = YES;
				CLANG_WARN_ENUM_CONVERSION = YES;
				CLANG_WARN_INFINITE_RECURSION = YES;
				CLANG_WARN_INT_CONVERSION = YES;
				CLANG_WARN_NON_LITERAL_NULL_CONVERSION = YES;
				CLANG_WARN_OBJC_IMPLICIT_RETAIN_SELF = YES;
				CLANG_WARN_OBJC_LITERAL_CONVERSION = YES;
				CLANG_WARN_OBJC_ROOT_CLASS = YES_ERROR;
				CLANG_WARN_RANGE_LOOP_ANALYSIS = YES;
				CLANG_WARN_STRICT_PROTOTYPES = YES;
				CLANG_WARN_SUSPICIOUS_MOVE = YES;
				CLANG_WARN_UNGUARDED_AVAILABILITY = YES_AGGRESSIVE;
				CLANG_WARN_UNREACHABLE_CODE = YES;
				CLANG_WARN__DUPLICATE_METHOD_MATCH = YES;
				COPY_PHASE_STRIP = NO;
				DEBUG_INFORMATION_FORMAT = dwarf;
				ENABLE_STRICT_OBJC_MSGSEND = YES;
				ENABLE_TESTABILITY = YES;
				GCC_C_LANGUAGE_STANDARD = gnu11;
				GCC_DYNAMIC_NO_PIC = NO;
				GCC_NO_COMMON_BLOCKS = YES;
				GCC_OPTIMIZATION_LEVEL = 0;
				GCC_PREPROCESSOR_DEFINITIONS = (
					"DEBUG=1",
					"$(inherited)",
				);
				GCC_WARN_64_TO_32_BIT_CONVERSION = YES;
				GCC_WARN_ABOUT_RETURN_TYPE = YES_ERROR;
				GCC_WARN_UNDECLARED_SELECTOR = YES;
				GCC_WARN_UNINITIALIZED_AUTOS = YES_AGGRESSIVE;
				GCC_WARN_UNUSED_FUNCTION = YES;
				GCC_WARN_UNUSED_VARIABLE = YES;
				IPHONEOS_DEPLOYMENT_TARGET = 13.5;
				MTL_ENABLE_DEBUG_INFO = INCLUDE_SOURCE;
				MTL_FAST_MATH = YES;
				ONLY_ACTIVE_ARCH = YES;
				SDKROOT = iphoneos;
				SWIFT_ACTIVE_COMPILATION_CONDITIONS = DEBUG;
				SWIFT_OPTIMIZATION_LEVEL = "-Onone";
			};
			name = Debug;
		};
		FDC623D524829C4800B7B26A /* Release */ = {
			isa = XCBuildConfiguration;
			buildSettings = {
				ALWAYS_SEARCH_USER_PATHS = NO;
				CLANG_ANALYZER_NONNULL = YES;
				CLANG_ANALYZER_NUMBER_OBJECT_CONVERSION = YES_AGGRESSIVE;
				CLANG_CXX_LANGUAGE_STANDARD = "gnu++14";
				CLANG_CXX_LIBRARY = "libc++";
				CLANG_ENABLE_MODULES = YES;
				CLANG_ENABLE_OBJC_ARC = YES;
				CLANG_ENABLE_OBJC_WEAK = YES;
				CLANG_WARN_BLOCK_CAPTURE_AUTORELEASING = YES;
				CLANG_WARN_BOOL_CONVERSION = YES;
				CLANG_WARN_COMMA = YES;
				CLANG_WARN_CONSTANT_CONVERSION = YES;
				CLANG_WARN_DEPRECATED_OBJC_IMPLEMENTATIONS = YES;
				CLANG_WARN_DIRECT_OBJC_ISA_USAGE = YES_ERROR;
				CLANG_WARN_DOCUMENTATION_COMMENTS = YES;
				CLANG_WARN_EMPTY_BODY = YES;
				CLANG_WARN_ENUM_CONVERSION = YES;
				CLANG_WARN_INFINITE_RECURSION = YES;
				CLANG_WARN_INT_CONVERSION = YES;
				CLANG_WARN_NON_LITERAL_NULL_CONVERSION = YES;
				CLANG_WARN_OBJC_IMPLICIT_RETAIN_SELF = YES;
				CLANG_WARN_OBJC_LITERAL_CONVERSION = YES;
				CLANG_WARN_OBJC_ROOT_CLASS = YES_ERROR;
				CLANG_WARN_RANGE_LOOP_ANALYSIS = YES;
				CLANG_WARN_STRICT_PROTOTYPES = YES;
				CLANG_WARN_SUSPICIOUS_MOVE = YES;
				CLANG_WARN_UNGUARDED_AVAILABILITY = YES_AGGRESSIVE;
				CLANG_WARN_UNREACHABLE_CODE = YES;
				CLANG_WARN__DUPLICATE_METHOD_MATCH = YES;
				COPY_PHASE_STRIP = NO;
				DEBUG_INFORMATION_FORMAT = "dwarf-with-dsym";
				ENABLE_NS_ASSERTIONS = NO;
				ENABLE_STRICT_OBJC_MSGSEND = YES;
				GCC_C_LANGUAGE_STANDARD = gnu11;
				GCC_NO_COMMON_BLOCKS = YES;
				GCC_WARN_64_TO_32_BIT_CONVERSION = YES;
				GCC_WARN_ABOUT_RETURN_TYPE = YES_ERROR;
				GCC_WARN_UNDECLARED_SELECTOR = YES;
				GCC_WARN_UNINITIALIZED_AUTOS = YES_AGGRESSIVE;
				GCC_WARN_UNUSED_FUNCTION = YES;
				GCC_WARN_UNUSED_VARIABLE = YES;
				IPHONEOS_DEPLOYMENT_TARGET = 13.5;
				MTL_ENABLE_DEBUG_INFO = NO;
				MTL_FAST_MATH = YES;
				SDKROOT = iphoneos;
				SWIFT_COMPILATION_MODE = wholemodule;
				SWIFT_OPTIMIZATION_LEVEL = "-O";
				VALIDATE_PRODUCT = YES;
			};
			name = Release;
		};
		FDC623D724829C4800B7B26A /* Debug */ = {
			isa = XCBuildConfiguration;
			buildSettings = {
				ASSETCATALOG_COMPILER_APPICON_NAME = AppIcon;
				CODE_SIGN_STYLE = Automatic;
				DEVELOPMENT_ASSET_PATHS = "\"HeroAnimation2/Preview Content\"";
				ENABLE_PREVIEWS = YES;
				INFOPLIST_FILE = HeroAnimation2/Info.plist;
				LD_RUNPATH_SEARCH_PATHS = (
					"$(inherited)",
					"@executable_path/Frameworks",
				);
				PRODUCT_BUNDLE_IDENTIFIER = alamin.HeroAnimation2;
				PRODUCT_NAME = "$(TARGET_NAME)";
				SWIFT_VERSION = 5.0;
				TARGETED_DEVICE_FAMILY = "1,2";
			};
			name = Debug;
		};
		FDC623D824829C4800B7B26A /* Release */ = {
			isa = XCBuildConfiguration;
			buildSettings = {
				ASSETCATALOG_COMPILER_APPICON_NAME = AppIcon;
				CODE_SIGN_STYLE = Automatic;
				DEVELOPMENT_ASSET_PATHS = "\"HeroAnimation2/Preview Content\"";
				ENABLE_PREVIEWS = YES;
				INFOPLIST_FILE = HeroAnimation2/Info.plist;
				LD_RUNPATH_SEARCH_PATHS = (
					"$(inherited)",
					"@executable_path/Frameworks",
				);
				PRODUCT_BUNDLE_IDENTIFIER = alamin.HeroAnimation2;
				PRODUCT_NAME = "$(TARGET_NAME)";
				SWIFT_VERSION = 5.0;
				TARGETED_DEVICE_FAMILY = "1,2";
			};
			name = Release;
		};
/* End XCBuildConfiguration section */

/* Begin XCConfigurationList section */
		FDC623BD24829C4600B7B26A /* Build configuration list for PBXProject "HeroAnimation2" */ = {
			isa = XCConfigurationList;
			buildConfigurations = (
				FDC623D424829C4800B7B26A /* Debug */,
				FDC623D524829C4800B7B26A /* Release */,
			);
			defaultConfigurationIsVisible = 0;
			defaultConfigurationName = Release;
		};
		FDC623D624829C4800B7B26A /* Build configuration list for PBXNativeTarget "HeroAnimation2" */ = {
			isa = XCConfigurationList;
			buildConfigurations = (
				FDC623D724829C4800B7B26A /* Debug */,
				FDC623D824829C4800B7B26A /* Release */,
			);
			defaultConfigurationIsVisible = 0;
			defaultConfigurationName = Release;
		};
/* End XCConfigurationList section */
	};
	rootObject = FDC623BA24829C4600B7B26A /* Project object */;
}
